
Microsoft Visual Studio Solution File, Format Version 12.00
# Visual Studio 2013
VisualStudioVersion = 12.0.30723.0
MinimumVisualStudioVersion = 10.0.40219.1
Project("{F2A71F9B-5D33-465A-A702-920D77279786}") = "PlatformerTest", "PlatformerTest\PlatformerTest.fsproj", "{48D9A7F2-B5FA-4325-96EC-D80761695F68}"
EndProject
Global
	GlobalSection(SolutionConfigurationPlatforms) = preSolution
		Debug|Any CPU = Debug|Any CPU
		Release|Any CPU = Release|Any CPU
	EndGlobalSection
	GlobalSection(ProjectConfigurationPlatforms) = postSolution
		{48D9A7F2-B5FA-4325-96EC-D80761695F68}.Debug|Any CPU.ActiveCfg = Debug|Any CPU
		{48D9A7F2-B5FA-4325-96EC-D80761695F68}.Debug|Any CPU.Build.0 = Debug|Any CPU
		{48D9A7F2-B5FA-4325-96EC-D80761695F68}.Release|Any CPU.ActiveCfg = Release|Any CPU
		{48D9A7F2-B5FA-4325-96EC-D80761695F68}.Release|Any CPU.Build.0 = Release|Any CPU
	EndGlobalSection
	GlobalSection(SolutionProperties) = preSolution
		HideSolutionNode = FALSE
	EndGlobalSection
EndGlobal
